
Microsoft Visual Studio Solution File, Format Version 12.00
# Visual Studio Version 17
VisualStudioVersion = 17.0.31903.59
MinimumVisualStudioVersion = 10.0.40219.1
Project("{2150E333-8FDC-42A3-9474-1A3956D46DE8}") = "_SolutionFiles", "_SolutionFiles", "{CD699DCA-0B94-451D-A171-C14E78C415B1}"
	ProjectSection(SolutionItems) = preProject
		..\README.md = ..\README.md
		..\TODO.md = ..\TODO.md
		..\.gitignore = ..\.gitignore
		.editorconfig = .editorconfig
		global.json = global.json
	EndProjectSection
EndProject
Project("{FAE04EC0-301F-11D3-BF4B-00C04F79EFBC}") = "AppHost", "AppHost\AppHost.csproj", "{A2981881-5D03-499B-AB4B-0076C633CC53}"
EndProject
Project("{2150E333-8FDC-42A3-9474-1A3956D46DE8}") = "Apps", "Apps", "{1275A004-F1C4-4C3E-9EF1-A62A5646128C}"
EndProject
Project("{FAE04EC0-301F-11D3-BF4B-00C04F79EFBC}") = "Apps.Api", "..\Sample-Shared\Apps.Api\Apps.Api.csproj", "{5051D068-F86B-4040-86BD-1976C5E4A392}"
EndProject
Project("{2150E333-8FDC-42A3-9474-1A3956D46DE8}") = "Modules", "Modules", "{9F1EA112-5787-4283-8AE8-A1434F091105}"
EndProject
Project("{FAE04EC0-301F-11D3-BF4B-00C04F79EFBC}") = "AspireServiceDefaults", "..\Sample-Shared\AspireServiceDefaults\AspireServiceDefaults.csproj", "{00DA0F6E-67F0-48AA-9A38-F8B943982C99}"
EndProject
Project("{FAE04EC0-301F-11D3-BF4B-00C04F79EFBC}") = "Apps.Yarp", ..\Sample-Shared\Apps.Yarp\Apps.Yarp.csproj", "{23D3F47E-51C7-4238-8CF1-9062EB4B27BB}"
EndProject
Project("{FAE04EC0-301F-11D3-BF4B-00C04F79EFBC}") = "Wristband", "..\Wristband\Wristband.csproj", "{41220C9A-E8B2-4031-8475-3C5EDC412909}"
EndProject
Project("{FAE04EC0-301F-11D3-BF4B-00C04F79EFBC}") = "Apps.Yarp", "..\Sample-Shared\Apps.Yarp\Apps.Yarp.csproj", "{61E65476-6DEA-431E-937C-5399905AF91C}"
EndProject
Global
	GlobalSection(SolutionConfigurationPlatforms) = preSolution
		Debug|Any CPU = Debug|Any CPU
		Release|Any CPU = Release|Any CPU
	EndGlobalSection
	GlobalSection(SolutionProperties) = preSolution
		HideSolutionNode = FALSE
	EndGlobalSection
	GlobalSection(ProjectConfigurationPlatforms) = postSolution
		{5051D068-F86B-4040-86BD-1976C5E4A392}.Debug|Any CPU.ActiveCfg = Debug|Any CPU
		{5051D068-F86B-4040-86BD-1976C5E4A392}.Debug|Any CPU.Build.0 = Debug|Any CPU
		{5051D068-F86B-4040-86BD-1976C5E4A392}.Release|Any CPU.ActiveCfg = Release|Any CPU
		{5051D068-F86B-4040-86BD-1976C5E4A392}.Release|Any CPU.Build.0 = Release|Any CPU
		{A2981881-5D03-499B-AB4B-0076C633CC53}.Debug|Any CPU.ActiveCfg = Debug|Any CPU
		{A2981881-5D03-499B-AB4B-0076C633CC53}.Debug|Any CPU.Build.0 = Debug|Any CPU
		{A2981881-5D03-499B-AB4B-0076C633CC53}.Release|Any CPU.ActiveCfg = Release|Any CPU
		{A2981881-5D03-499B-AB4B-0076C633CC53}.Release|Any CPU.Build.0 = Release|Any CPU
		{00DA0F6E-67F0-48AA-9A38-F8B943982C99}.Debug|Any CPU.ActiveCfg = Debug|Any CPU
		{00DA0F6E-67F0-48AA-9A38-F8B943982C99}.Debug|Any CPU.Build.0 = Debug|Any CPU
		{00DA0F6E-67F0-48AA-9A38-F8B943982C99}.Release|Any CPU.ActiveCfg = Release|Any CPU
		{00DA0F6E-67F0-48AA-9A38-F8B943982C99}.Release|Any CPU.Build.0 = Release|Any CPU
		{A7F7AA98-F95F-4275-BA46-B5D767E614CD}.Debug|Any CPU.ActiveCfg = Debug|Any CPU
		{A7F7AA98-F95F-4275-BA46-B5D767E614CD}.Debug|Any CPU.Build.0 = Debug|Any CPU
		{A7F7AA98-F95F-4275-BA46-B5D767E614CD}.Release|Any CPU.ActiveCfg = Release|Any CPU
		{A7F7AA98-F95F-4275-BA46-B5D767E614CD}.Release|Any CPU.Build.0 = Release|Any CPU
		{23D3F47E-51C7-4238-8CF1-9062EB4B27BB}.Debug|Any CPU.ActiveCfg = Debug|Any CPU
		{23D3F47E-51C7-4238-8CF1-9062EB4B27BB}.Debug|Any CPU.Build.0 = Debug|Any CPU
		{23D3F47E-51C7-4238-8CF1-9062EB4B27BB}.Release|Any CPU.ActiveCfg = Release|Any CPU
		{23D3F47E-51C7-4238-8CF1-9062EB4B27BB}.Release|Any CPU.Build.0 = Release|Any CPU
		{41220C9A-E8B2-4031-8475-3C5EDC412909}.Debug|Any CPU.ActiveCfg = Debug|Any CPU
		{41220C9A-E8B2-4031-8475-3C5EDC412909}.Debug|Any CPU.Build.0 = Debug|Any CPU
		{41220C9A-E8B2-4031-8475-3C5EDC412909}.Release|Any CPU.ActiveCfg = Release|Any CPU
		{41220C9A-E8B2-4031-8475-3C5EDC412909}.Release|Any CPU.Build.0 = Release|Any CPU
		{61E65476-6DEA-431E-937C-5399905AF91C}.Debug|Any CPU.ActiveCfg = Debug|Any CPU
		{61E65476-6DEA-431E-937C-5399905AF91C}.Debug|Any CPU.Build.0 = Debug|Any CPU
		{61E65476-6DEA-431E-937C-5399905AF91C}.Release|Any CPU.ActiveCfg = Release|Any CPU
		{61E65476-6DEA-431E-937C-5399905AF91C}.Release|Any CPU.Build.0 = Release|Any CPU
	EndGlobalSection
	GlobalSection(NestedProjects) = preSolution
		{5051D068-F86B-4040-86BD-1976C5E4A392} = {1275A004-F1C4-4C3E-9EF1-A62A5646128C}
		{A2981881-5D03-499B-AB4B-0076C633CC53} = {1275A004-F1C4-4C3E-9EF1-A62A5646128C}
		{23D3F47E-51C7-4238-8CF1-9062EB4B27BB} = {1275A004-F1C4-4C3E-9EF1-A62A5646128C}
		{41220C9A-E8B2-4031-8475-3C5EDC412909} = {9F1EA112-5787-4283-8AE8-A1434F091105}
		{00DA0F6E-67F0-48AA-9A38-F8B943982C99} = {9F1EA112-5787-4283-8AE8-A1434F091105}
		{61E65476-6DEA-431E-937C-5399905AF91C} = {1275A004-F1C4-4C3E-9EF1-A62A5646128C}
	EndGlobalSection
EndGlobal
